%{"bunt": {:hex, :bunt, "0.1.5"},
  "certifi": {:hex, :certifi, "0.4.0"},
  "credo": {:hex, :credo, "0.3.3"},
  "earmark": {:hex, :earmark, "0.2.1"},
  "ex_doc": {:hex, :ex_doc, "0.11.1"},
  "excoveralls": {:hex, :excoveralls, "0.5.2"},
  "exjsx": {:hex, :exjsx, "3.2.0"},
  "gproc": {:hex, :gproc, "0.5.0"},
  "hackney": {:hex, :hackney, "1.6.0"},
  "idna": {:hex, :idna, "1.2.0"},
  "jsx": {:hex, :jsx, "2.6.2"},
  "metrics": {:hex, :metrics, "1.0.1"},
  "mimerl": {:hex, :mimerl, "1.0.2"},
  "ssl_verify_fun": {:hex, :ssl_verify_fun, "1.1.0"},
  "ssl_verify_hostname": {:hex, :ssl_verify_hostname, "1.0.5"}}
