%{"earmark": {:hex, :earmark, "0.1.15"},
  "ehyperloglog": {:git, "git://github.com/vaxelfel/eHyperLogLog.git", "efd14f262c663cde76d8ed48007826dabe9aca41", []},
  "ejabberd": {:git, "git://github.com/processone/ejabberd.git", "23aa8598ab8a586f2c6300b8f6d1b0b672e2e7f4", [tag: "15.04"]},
  "eredis": {:git, "git://github.com/wooga/eredis.git", "f6900e2a828430badac173250e00d540c5c5a02f", []},
  "esip": {:git, "git://github.com/processone/p1_sip.git", "a9b725df78ee44c0f118908eef07395654767d62", []},
  "ex_doc": {:hex, :ex_doc, "0.7.2"},
  "exml": {:git, "git://github.com/paulgray/exml.git", "8170a55b9582a6f6cca81843047984307dbddd10", []},
  "p1_cache_tab": {:git, "git://github.com/processone/cache_tab.git", "cca096330ce39e8b56fe0e0c478df1ff452e7751", []},
  "p1_iconv": {:git, "git://github.com/processone/eiconv.git", "64f6db3fd0aa0204ca1af73e5364446c78aa64cb", []},
  "p1_logger": {:git, "git://github.com/processone/p1_logger.git", "3e19507fd5606a73694917158767ecb3f5704e3f", []},
  "p1_mysql": {:git, "git://github.com/processone/mysql.git", "d568bbe317c4e86ee58a603c46a98809c1279013", []},
  "p1_pgsql": {:git, "git://github.com/processone/pgsql.git", "a913ce691782fdf52654774313df0a54a743da1f", []},
  "p1_stringprep": {:git, "git://github.com/processone/stringprep.git", "3c640237a3a7831dc39de6a6d329d3a9af25c579", []},
  "p1_stun": {:git, "git://github.com/processone/stun.git", "d98c71e22492bd5cf95f6a3227de302ace0f70b3", []},
  "p1_tls": {:git, "git://github.com/processone/tls.git", "e231cbde546c2e2200f6dae01d13cf743d253c6d", []},
  "p1_utils": {:git, "git://github.com/processone/p1_utils.git", "1bf99f9c8daed3b03f76e2714ca102c520c88b26", []},
  "p1_xml": {:git, "git://github.com/processone/xml.git", "3db0b2f2b96c9fa2f601f96794cc6e8a480615b4", []},
  "p1_yaml": {:git, "git://github.com/processone/p1_yaml.git", "e1f081e1bbf34c35fc60c1b988d62a07fbead3e8", []},
  "p1_zlib": {:git, "git://github.com/processone/zlib.git", "e3d4222b7aae616d7ef2e7e2fa0bbf451516c602", []}}
